// !$*UTF8*$!
{
	archiveVersion = 1;
	classes = {
	};
	objectVersion = 46;
	objects = {

/* Begin PBXBuildFile section */
		B42D3D30193F4994005074F7 /* DetailViewController.swift in Sources */ = {isa = PBXBuildFile; fileRef = B42D3D2F193F4994005074F7 /* DetailViewController.swift */; };
		B42D3D34193F53E9005074F7 /* swift-hero@2x.png in Resources */ = {isa = PBXBuildFile; fileRef = B42D3D33193F53E9005074F7 /* swift-hero@2x.png */; };
		B48BE6A3193F2769009DC8E5 /* AppDelegate.swift in Sources */ = {isa = PBXBuildFile; fileRef = B48BE6A2193F2769009DC8E5 /* AppDelegate.swift */; };
		B48BE6A5193F2769009DC8E5 /* Images.xcassets in Resources */ = {isa = PBXBuildFile; fileRef = B48BE6A4193F2769009DC8E5 /* Images.xcassets */; };
		B48BE6B1193F2769009DC8E5 /* TSwiftTests.swift in Sources */ = {isa = PBXBuildFile; fileRef = B48BE6B0193F2769009DC8E5 /* TSwiftTests.swift */; };
		B48BE6BD193F27C3009DC8E5 /* RootViewController.swift in Sources */ = {isa = PBXBuildFile; fileRef = B48BE6BC193F27C3009DC8E5 /* RootViewController.swift */; };
		B4A575BD19403F6A008BBBE6 /* MathSum.m in Sources */ = {isa = PBXBuildFile; fileRef = B4A575BC19403F6A008BBBE6 /* MathSum.m */; };
/* End PBXBuildFile section */

/* Begin PBXContainerItemProxy section */
		B48BE6AB193F2769009DC8E5 /* PBXContainerItemProxy */ = {
			isa = PBXContainerItemProxy;
			containerPortal = B48BE695193F2769009DC8E5 /* Project object */;
			proxyType = 1;
			remoteGlobalIDString = B48BE69C193F2769009DC8E5;
			remoteInfo = TSwift;
		};
/* End PBXContainerItemProxy section */

/* Begin PBXFileReference section */
		B42D3D2F193F4994005074F7 /* DetailViewController.swift */ = {isa = PBXFileReference; fileEncoding = 4; lastKnownFileType = sourcecode.swift; path = DetailViewController.swift; sourceTree = "<group>"; };
		B42D3D33193F53E9005074F7 /* swift-hero@2x.png */ = {isa = PBXFileReference; lastKnownFileType = image.png; path = "swift-hero@2x.png"; sourceTree = "<group>"; };
		B48BE69D193F2769009DC8E5 /* TSwift.app */ = {isa = PBXFileReference; explicitFileType = wrapper.application; includeInIndex = 0; path = TSwift.app; sourceTree = BUILT_PRODUCTS_DIR; };
		B48BE6A1193F2769009DC8E5 /* Info.plist */ = {isa = PBXFileReference; lastKnownFileType = text.plist.xml; path = Info.plist; sourceTree = "<group>"; };
		B48BE6A2193F2769009DC8E5 /* AppDelegate.swift */ = {isa = PBXFileReference; lastKnownFileType = sourcecode.swift; path = AppDelegate.swift; sourceTree = "<group>"; };
		B48BE6A4193F2769009DC8E5 /* Images.xcassets */ = {isa = PBXFileReference; lastKnownFileType = folder.assetcatalog; path = Images.xcassets; sourceTree = "<group>"; };
		B48BE6AA193F2769009DC8E5 /* TSwiftTests.xctest */ = {isa = PBXFileReference; explicitFileType = wrapper.cfbundle; includeInIndex = 0; path = TSwiftTests.xctest; sourceTree = BUILT_PRODUCTS_DIR; };
		B48BE6AF193F2769009DC8E5 /* Info.plist */ = {isa = PBXFileReference; lastKnownFileType = text.plist.xml; path = Info.plist; sourceTree = "<group>"; };
		B48BE6B0193F2769009DC8E5 /* TSwiftTests.swift */ = {isa = PBXFileReference; lastKnownFileType = sourcecode.swift; path = TSwiftTests.swift; sourceTree = "<group>"; };
		B48BE6BC193F27C3009DC8E5 /* RootViewController.swift */ = {isa = PBXFileReference; fileEncoding = 4; lastKnownFileType = sourcecode.swift; path = RootViewController.swift; sourceTree = "<group>"; };
		B4A575BA194020C2008BBBE6 /* MyPlayground.playground */ = {isa = PBXFileReference; lastKnownFileType = file.playground; path = MyPlayground.playground; sourceTree = "<group>"; };
		B4A575BB19403F69008BBBE6 /* TSwift-Bridging-Header.h */ = {isa = PBXFileReference; lastKnownFileType = sourcecode.c.h; path = "TSwift-Bridging-Header.h"; sourceTree = "<group>"; };
		B4A575BC19403F6A008BBBE6 /* MathSum.m */ = {isa = PBXFileReference; fileEncoding = 4; lastKnownFileType = sourcecode.c.objc; path = MathSum.m; sourceTree = "<group>"; };
		B4A575BE19403FA2008BBBE6 /* MathSum.h */ = {isa = PBXFileReference; fileEncoding = 4; lastKnownFileType = sourcecode.c.h; path = MathSum.h; sourceTree = "<group>"; };
/* End PBXFileReference section */

/* Begin PBXFrameworksBuildPhase section */
		B48BE69A193F2769009DC8E5 /* Frameworks */ = {
			isa = PBXFrameworksBuildPhase;
			buildActionMask = 2147483647;
			files = (
			);
			runOnlyForDeploymentPostprocessing = 0;
		};
		B48BE6A7193F2769009DC8E5 /* Frameworks */ = {
			isa = PBXFrameworksBuildPhase;
			buildActionMask = 2147483647;
			files = (
			);
			runOnlyForDeploymentPostprocessing = 0;
		};
/* End PBXFrameworksBuildPhase section */

/* Begin PBXGroup section */
		B48BE694193F2769009DC8E5 = {
			isa = PBXGroup;
			children = (
				B48BE69F193F2769009DC8E5 /* TSwift */,
				B48BE6AD193F2769009DC8E5 /* TSwiftTests */,
				B48BE69E193F2769009DC8E5 /* Products */,
			);
			sourceTree = "<group>";
		};
		B48BE69E193F2769009DC8E5 /* Products */ = {
			isa = PBXGroup;
			children = (
				B48BE69D193F2769009DC8E5 /* TSwift.app */,
				B48BE6AA193F2769009DC8E5 /* TSwiftTests.xctest */,
			);
			name = Products;
			sourceTree = "<group>";
		};
		B48BE69F193F2769009DC8E5 /* TSwift */ = {
			isa = PBXGroup;
			children = (
				B48BE6A2193F2769009DC8E5 /* AppDelegate.swift */,
				B48BE6BC193F27C3009DC8E5 /* RootViewController.swift */,
				B42D3D2F193F4994005074F7 /* DetailViewController.swift */,
				B42D3D33193F53E9005074F7 /* swift-hero@2x.png */,
				B4A575BA194020C2008BBBE6 /* MyPlayground.playground */,
				B4A575BE19403FA2008BBBE6 /* MathSum.h */,
				B4A575BC19403F6A008BBBE6 /* MathSum.m */,
				B4A575BB19403F69008BBBE6 /* TSwift-Bridging-Header.h */,
				B48BE6A4193F2769009DC8E5 /* Images.xcassets */,
				B48BE6A0193F2769009DC8E5 /* Supporting Files */,
			);
			path = TSwift;
			sourceTree = "<group>";
		};
		B48BE6A0193F2769009DC8E5 /* Supporting Files */ = {
			isa = PBXGroup;
			children = (
				B48BE6A1193F2769009DC8E5 /* Info.plist */,
			);
			name = "Supporting Files";
			sourceTree = "<group>";
		};
		B48BE6AD193F2769009DC8E5 /* TSwiftTests */ = {
			isa = PBXGroup;
			children = (
				B48BE6B0193F2769009DC8E5 /* TSwiftTests.swift */,
				B48BE6AE193F2769009DC8E5 /* Supporting Files */,
			);
			path = TSwiftTests;
			sourceTree = "<group>";
		};
		B48BE6AE193F2769009DC8E5 /* Supporting Files */ = {
			isa = PBXGroup;
			children = (
				B48BE6AF193F2769009DC8E5 /* Info.plist */,
			);
			name = "Supporting Files";
			sourceTree = "<group>";
		};
/* End PBXGroup section */

/* Begin PBXNativeTarget section */
		B48BE69C193F2769009DC8E5 /* TSwift */ = {
			isa = PBXNativeTarget;
			buildConfigurationList = B48BE6B4193F2769009DC8E5 /* Build configuration list for PBXNativeTarget "TSwift" */;
			buildPhases = (
				B48BE699193F2769009DC8E5 /* Sources */,
				B48BE69A193F2769009DC8E5 /* Frameworks */,
				B48BE69B193F2769009DC8E5 /* Resources */,
			);
			buildRules = (
			);
			dependencies = (
			);
			name = TSwift;
			productName = TSwift;
			productReference = B48BE69D193F2769009DC8E5 /* TSwift.app */;
			productType = "com.apple.product-type.application";
		};
		B48BE6A9193F2769009DC8E5 /* TSwiftTests */ = {
			isa = PBXNativeTarget;
			buildConfigurationList = B48BE6B7193F2769009DC8E5 /* Build configuration list for PBXNativeTarget "TSwiftTests" */;
			buildPhases = (
				B48BE6A6193F2769009DC8E5 /* Sources */,
				B48BE6A7193F2769009DC8E5 /* Frameworks */,
				B48BE6A8193F2769009DC8E5 /* Resources */,
			);
			buildRules = (
			);
			dependencies = (
				B48BE6AC193F2769009DC8E5 /* PBXTargetDependency */,
			);
			name = TSwiftTests;
			productName = TSwiftTests;
			productReference = B48BE6AA193F2769009DC8E5 /* TSwiftTests.xctest */;
			productType = "com.apple.product-type.bundle.unit-test";
		};
/* End PBXNativeTarget section */

/* Begin PBXProject section */
		B48BE695193F2769009DC8E5 /* Project object */ = {
			isa = PBXProject;
			attributes = {
				LastUpgradeCheck = 0600;
				ORGANIZATIONNAME = Hunk;
				TargetAttributes = {
					B48BE69C193F2769009DC8E5 = {
						CreatedOnToolsVersion = 6.0;
					};
					B48BE6A9193F2769009DC8E5 = {
						CreatedOnToolsVersion = 6.0;
						TestTargetID = B48BE69C193F2769009DC8E5;
					};
				};
			};
			buildConfigurationList = B48BE698193F2769009DC8E5 /* Build configuration list for PBXProject "TSwift" */;
			compatibilityVersion = "Xcode 3.2";
			developmentRegion = English;
			hasScannedForEncodings = 0;
			knownRegions = (
				en,
			);
			mainGroup = B48BE694193F2769009DC8E5;
			productRefGroup = B48BE69E193F2769009DC8E5 /* Products */;
			projectDirPath = "";
			projectRoot = "";
			targets = (
				B48BE69C193F2769009DC8E5 /* TSwift */,
				B48BE6A9193F2769009DC8E5 /* TSwiftTests */,
			);
		};
/* End PBXProject section */

/* Begin PBXResourcesBuildPhase section */
		B48BE69B193F2769009DC8E5 /* Resources */ = {
			isa = PBXResourcesBuildPhase;
			buildActionMask = 2147483647;
			files = (
				B42D3D34193F53E9005074F7 /* swift-hero@2x.png in Resources */,
				B48BE6A5193F2769009DC8E5 /* Images.xcassets in Resources */,
			);
			runOnlyForDeploymentPostprocessing = 0;
		};
		B48BE6A8193F2769009DC8E5 /* Resources */ = {
			isa = PBXResourcesBuildPhase;
			buildActionMask = 2147483647;
			files = (
			);
			runOnlyForDeploymentPostprocessing = 0;
		};
/* End PBXResourcesBuildPhase section */

/* Begin PBXSourcesBuildPhase section */
		B48BE699193F2769009DC8E5 /* Sources */ = {
			isa = PBXSourcesBuildPhase;
			buildActionMask = 2147483647;
			files = (
				B42D3D30193F4994005074F7 /* DetailViewController.swift in Sources */,
				B4A575BD19403F6A008BBBE6 /* MathSum.m in Sources */,
				B48BE6BD193F27C3009DC8E5 /* RootViewController.swift in Sources */,
				B48BE6A3193F2769009DC8E5 /* AppDelegate.swift in Sources */,
			);
			runOnlyForDeploymentPostprocessing = 0;
		};
		B48BE6A6193F2769009DC8E5 /* Sources */ = {
			isa = PBXSourcesBuildPhase;
			buildActionMask = 2147483647;
			files = (
				B48BE6B1193F2769009DC8E5 /* TSwiftTests.swift in Sources */,
			);
			runOnlyForDeploymentPostprocessing = 0;
		};
/* End PBXSourcesBuildPhase section */

/* Begin PBXTargetDependency section */
		B48BE6AC193F2769009DC8E5 /* PBXTargetDependency */ = {
			isa = PBXTargetDependency;
			target = B48BE69C193F2769009DC8E5 /* TSwift */;
			targetProxy = B48BE6AB193F2769009DC8E5 /* PBXContainerItemProxy */;
		};
/* End PBXTargetDependency section */

/* Begin XCBuildConfiguration section */
		B48BE6B2193F2769009DC8E5 /* Debug */ = {
			isa = XCBuildConfiguration;
			buildSettings = {
				ALWAYS_SEARCH_USER_PATHS = NO;
				CLANG_CXX_LANGUAGE_STANDARD = "gnu++0x";
				CLANG_CXX_LIBRARY = "libc++";
				CLANG_ENABLE_MODULES = YES;
				CLANG_ENABLE_OBJC_ARC = YES;
				CLANG_WARN_BOOL_CONVERSION = YES;
				CLANG_WARN_CONSTANT_CONVERSION = YES;
				CLANG_WARN_DIRECT_OBJC_ISA_USAGE = YES_ERROR;
				CLANG_WARN_EMPTY_BODY = YES;
				CLANG_WARN_ENUM_CONVERSION = YES;
				CLANG_WARN_INT_CONVERSION = YES;
				CLANG_WARN_OBJC_ROOT_CLASS = YES_ERROR;
				CLANG_WARN_UNREACHABLE_CODE = YES;
				CLANG_WARN__DUPLICATE_METHOD_MATCH = YES;
				"CODE_SIGN_IDENTITY[sdk=iphoneos*]" = "iPhone Developer";
				COPY_PHASE_STRIP = NO;
				ENABLE_STRICT_OBJC_MSGSEND = YES;
				GCC_C_LANGUAGE_STANDARD = gnu99;
				GCC_DYNAMIC_NO_PIC = NO;
				GCC_OPTIMIZATION_LEVEL = 0;
				GCC_PREPROCESSOR_DEFINITIONS = (
					"DEBUG=1",
					"$(inherited)",
				);
				GCC_SYMBOLS_PRIVATE_EXTERN = NO;
				GCC_WARN_64_TO_32_BIT_CONVERSION = YES;
				GCC_WARN_ABOUT_RETURN_TYPE = YES_ERROR;
				GCC_WARN_UNDECLARED_SELECTOR = YES;
				GCC_WARN_UNINITIALIZED_AUTOS = YES_AGGRESSIVE;
				GCC_WARN_UNUSED_FUNCTION = YES;
				GCC_WARN_UNUSED_VARIABLE = YES;
				IPHONEOS_DEPLOYMENT_TARGET = 8.0;
				METAL_ENABLE_DEBUG_INFO = YES;
				ONLY_ACTIVE_ARCH = YES;
				SDKROOT = iphoneos;
				SWIFT_OPTIMIZATION_LEVEL = "-Onone";
			};
			name = Debug;
		};
		B48BE6B3193F2769009DC8E5 /* Release */ = {
			isa = XCBuildConfiguration;
			buildSettings = {
				ALWAYS_SEARCH_USER_PATHS = NO;
				CLANG_CXX_LANGUAGE_STANDARD = "gnu++0x";
				CLANG_CXX_LIBRARY = "libc++";
				CLANG_ENABLE_MODULES = YES;
				CLANG_ENABLE_OBJC_ARC = YES;
				CLANG_WARN_BOOL_CONVERSION = YES;
				CLANG_WARN_CONSTANT_CONVERSION = YES;
				CLANG_WARN_DIRECT_OBJC_ISA_USAGE = YES_ERROR;
				CLANG_WARN_EMPTY_BODY = YES;
				CLANG_WARN_ENUM_CONVERSION = YES;
				CLANG_WARN_INT_CONVERSION = YES;
				CLANG_WARN_OBJC_ROOT_CLASS = YES_ERROR;
				CLANG_WARN_UNREACHABLE_CODE = YES;
				CLANG_WARN__DUPLICATE_METHOD_MATCH = YES;
				"CODE_SIGN_IDENTITY[sdk=iphoneos*]" = "iPhone Developer";
				COPY_PHASE_STRIP = YES;
				ENABLE_NS_ASSERTIONS = NO;
				ENABLE_STRICT_OBJC_MSGSEND = YES;
				GCC_C_LANGUAGE_STANDARD = gnu99;
				GCC_WARN_64_TO_32_BIT_CONVERSION = YES;
				GCC_WARN_ABOUT_RETURN_TYPE = YES_ERROR;
				GCC_WARN_UNDECLARED_SELECTOR = YES;
				GCC_WARN_UNINITIALIZED_AUTOS = YES_AGGRESSIVE;
				GCC_WARN_UNUSED_FUNCTION = YES;
				GCC_WARN_UNUSED_VARIABLE = YES;
				IPHONEOS_DEPLOYMENT_TARGET = 8.0;
				METAL_ENABLE_DEBUG_INFO = NO;
				SDKROOT = iphoneos;
				VALIDATE_PRODUCT = YES;
			};
			name = Release;
		};
		B48BE6B5193F2769009DC8E5 /* Debug */ = {
			isa = XCBuildConfiguration;
			buildSettings = {
				ASSETCATALOG_COMPILER_APPICON_NAME = AppIcon;
				ASSETCATALOG_COMPILER_LAUNCHIMAGE_NAME = LaunchImage;
				CLANG_ENABLE_MODULES = YES;
				INFOPLIST_FILE = TSwift/Info.plist;
				LD_RUNPATH_SEARCH_PATHS = "$(inherited) @executable_path/Frameworks";
				PRODUCT_NAME = "$(TARGET_NAME)";
				SWIFT_OBJC_BRIDGING_HEADER = "TSwift/TSwift-Bridging-Header.h";
				SWIFT_OPTIMIZATION_LEVEL = "-Onone";
			};
			name = Debug;
		};
		B48BE6B6193F2769009DC8E5 /* Release */ = {
			isa = XCBuildConfiguration;
			buildSettings = {
				ASSETCATALOG_COMPILER_APPICON_NAME = AppIcon;
				ASSETCATALOG_COMPILER_LAUNCHIMAGE_NAME = LaunchImage;
				CLANG_ENABLE_MODULES = YES;
				INFOPLIST_FILE = TSwift/Info.plist;
				LD_RUNPATH_SEARCH_PATHS = "$(inherited) @executable_path/Frameworks";
				PRODUCT_NAME = "$(TARGET_NAME)";
				SWIFT_OBJC_BRIDGING_HEADER = "TSwift/TSwift-Bridging-Header.h";
			};
			name = Release;
		};
		B48BE6B8193F2769009DC8E5 /* Debug */ = {
			isa = XCBuildConfiguration;
			buildSettings = {
				BUNDLE_LOADER = "$(BUILT_PRODUCTS_DIR)/TSwift.app/TSwift";
				FRAMEWORK_SEARCH_PATHS = (
					"$(SDKROOT)/Developer/Library/Frameworks",
					"$(inherited)",
				);
				GCC_PREPROCESSOR_DEFINITIONS = (
					"DEBUG=1",
					"$(inherited)",
				);
				INFOPLIST_FILE = TSwiftTests/Info.plist;
				LD_RUNPATH_SEARCH_PATHS = "$(inherited) @executable_path/Frameworks @loader_path/Frameworks";
				METAL_ENABLE_DEBUG_INFO = YES;
				PRODUCT_NAME = "$(TARGET_NAME)";
				TEST_HOST = "$(BUNDLE_LOADER)";
			};
			name = Debug;
		};
		B48BE6B9193F2769009DC8E5 /* Release */ = {
			isa = XCBuildConfiguration;
			buildSettings = {
				BUNDLE_LOADER = "$(BUILT_PRODUCTS_DIR)/TSwift.app/TSwift";
				FRAMEWORK_SEARCH_PATHS = (
					"$(SDKROOT)/Developer/Library/Frameworks",
					"$(inherited)",
				);
				INFOPLIST_FILE = TSwiftTests/Info.plist;
				LD_RUNPATH_SEARCH_PATHS = "$(inherited) @executable_path/Frameworks @loader_path/Frameworks";
				METAL_ENABLE_DEBUG_INFO = NO;
				PRODUCT_NAME = "$(TARGET_NAME)";
				TEST_HOST = "$(BUNDLE_LOADER)";
			};
			name = Release;
		};
/* End XCBuildConfiguration section */

/* Begin XCConfigurationList section */
		B48BE698193F2769009DC8E5 /* Build configuration list for PBXProject "TSwift" */ = {
			isa = XCConfigurationList;
			buildConfigurations = (
				B48BE6B2193F2769009DC8E5 /* Debug */,
				B48BE6B3193F2769009DC8E5 /* Release */,
			);
			defaultConfigurationIsVisible = 0;
			defaultConfigurationName = Release;
		};
		B48BE6B4193F2769009DC8E5 /* Build configuration list for PBXNativeTarget "TSwift" */ = {
			isa = XCConfigurationList;
			buildConfigurations = (
				B48BE6B5193F2769009DC8E5 /* Debug */,
				B48BE6B6193F2769009DC8E5 /* Release */,
			);
			defaultConfigurationIsVisible = 0;
			defaultConfigurationName = Release;
		};
		B48BE6B7193F2769009DC8E5 /* Build configuration list for PBXNativeTarget "TSwiftTests" */ = {
			isa = XCConfigurationList;
			buildConfigurations = (
				B48BE6B8193F2769009DC8E5 /* Debug */,
				B48BE6B9193F2769009DC8E5 /* Release */,
			);
			defaultConfigurationIsVisible = 0;
			defaultConfigurationName = Release;
		};
/* End XCConfigurationList section */
	};
	rootObject = B48BE695193F2769009DC8E5 /* Project object */;
}
